# This file is generated by running "yarn install" inside your project.
# Manual changes might be lost - proceed with caution!

__metadata:
  version: 4

"@types/caseless@npm:*":
  version: 0.12.2
  resolution: "@types/caseless@npm:0.12.2"
  checksum: af7cc48b8688b0a37d9464d9bfd0d7c17d470dc3dbdc09a5adb917163694ca12f9b4a0e12f421e4f595d0c0986352af665e80bf4ace5c3b6c477fefad558a33d
  languageName: node
  linkType: hard

"@types/lodash@npm:*":
  version: 4.14.146
  resolution: "@types/lodash@npm:4.14.146"
  checksum: 632248b122cd28d55135e0397fb8c6491bac483ff10872ce88df0852b8e99b85a2c349fcc0efe4c0c74c7f2606abcdb01432c21c61d58a9eb21f412cf6267c59
  languageName: node
  linkType: hard

"@types/lowdb@npm:^1.0.9":
  version: 1.0.9
  resolution: "@types/lowdb@npm:1.0.9"
  dependencies:
    "@types/lodash": "*"
  checksum: dd883240b4ef3b74d45c0673b5b92d2fdddad00669806c1110fd9b0f80408db55ddc1e7558b57f0c6c6e872735afc3ca434110d86aeb4f396328b139d3064fec
  languageName: node
  linkType: hard

"@types/moment@npm:^2.13.0":
  version: 2.13.0
  resolution: "@types/moment@npm:2.13.0"
  dependencies:
    moment: "*"
  checksum: f2961fd29d33949ddf6f6c3db44e9b553bafd507e12b984afd66d4eb8deb5526cb8b08958d9a4b1bf5166a8d0f900553191f5180315867cd6eac1661facb9fa0
  languageName: node
  linkType: hard

"@types/node@npm:*":
  version: 12.12.5
  resolution: "@types/node@npm:12.12.5"
  checksum: e13a555687a2692711dff6939ed1f614ce437075fe9d164fabc2ffd4aa0448b01e649ccf48150eb388199dbef97a89fa16f34a0d6e4ec60fe9f936577ddb219c
  languageName: node
  linkType: hard

"@types/request@npm:^2.48.3":
  version: 2.48.3
  resolution: "@types/request@npm:2.48.3"
  dependencies:
    "@types/caseless": "*"
    "@types/node": "*"
    "@types/tough-cookie": "*"
    form-data: ^2.5.0
  checksum: 77be2e7cb0a85188f7bd09d3039d02f1877cc32ef18be039fa25e08819b22d6c301f3b0532608e8f45f19b46b2547440fa6c49cc8211695c6334824f2fe89729
  languageName: node
  linkType: hard

"@types/tough-cookie@npm:*":
  version: 2.3.5
  resolution: "@types/tough-cookie@npm:2.3.5"
  checksum: e3daf56ac5ef924f17c72884adff4e24581580abb3784fffe65986a77984e6b9fa6fa342aaffeacd10757d98177727b5b801e760185e07523879a8bc9a7fa431
  languageName: node
  linkType: hard

"ajv@npm:^6.5.5":
  version: 6.10.2
  resolution: "ajv@npm:6.10.2"
  dependencies:
    fast-deep-equal: ^2.0.1
    fast-json-stable-stringify: ^2.0.0
    json-schema-traverse: ^0.4.1
    uri-js: ^4.2.2
  checksum: 2295662698bf63a8c27b32c42384d404f1e1b75400f6ab36439675e02628fbdb91d88b418fc276311b51043e58dd57c9417e01bfec03fa87d4c571fb274e266d
  languageName: node
  linkType: hard

"arg@npm:^4.1.0":
  version: 4.1.2
  resolution: "arg@npm:4.1.2"
  checksum: 3ca4653090d4adb8cf4deeb4c39cdec5e93786718666c8ca012873dcdc5a4c48f7609a8b7203184ced690ab8f19f45fd4ed1210f9b3c980cb86ba21e3a54cdd5
  languageName: node
  linkType: hard

"asn1@npm:~0.2.3":
  version: 0.2.4
  resolution: "asn1@npm:0.2.4"
  dependencies:
    safer-buffer: ~2.1.0
  checksum: 6f8ecf66e024f3fb329233b7e76a39b81b9dc84f4b75a8727ad059ca6a64973a2e4e5b4bed564022d59df954af806bfd6af0cd4500cacab3ac0850fedd9b913a
  languageName: node
  linkType: hard

"assert-plus@npm:1.0.0, assert-plus@npm:^1.0.0":
  version: 1.0.0
  resolution: "assert-plus@npm:1.0.0"
  checksum: 0dbcfb92c233e31f58bc2dd4109728e961eef044dc31b8f85f2b7bd2b0435fc32312258de4e7d9ad07d641aef663b3336d071ad2aa31fdf0686848315cc67f26
  languageName: node
  linkType: hard

"async-limiter@npm:~1.0.0":
  version: 1.0.1
  resolution: "async-limiter@npm:1.0.1"
  checksum: 31ed8a2681eb3bf62151f91ac4ba3c9e7f474c39120ed6a50661635687b911e2d02797bc2304f1a68f7abee83bec30196ea012058a80c6179091afa1c8efc595
  languageName: node
  linkType: hard

"asynckit@npm:^0.4.0":
  version: 0.4.0
  resolution: "asynckit@npm:0.4.0"
  checksum: 9f0abbb2af5ed83007505d1a98e6e6bc63dc8ffaa28288927d978c0d1f7af0a106ae05bac2407078fd147c1001068c0f9a7cc21e94d34b9838f78109c5266948
  languageName: node
  linkType: hard

"aws-sign2@npm:~0.7.0":
  version: 0.7.0
  resolution: "aws-sign2@npm:0.7.0"
  checksum: 448068c11ab51c1e797956a72d52a068f5600753e07e90c18a894799744bfd2b161d83e2217162d05ade214579f69624b9a9374c693572e6821fd2d1eea72099
  languageName: node
  linkType: hard

"aws4@npm:^1.8.0":
  version: 1.8.0
  resolution: "aws4@npm:1.8.0"
  checksum: 82798aee74bcd4c5b3b7f0955dafe7e8b1336a783acc5811ac08f691eea530a772b72576c746b7cadff605d7af394623c873fe86c34dc35a73ef2f9adcfa3078
  languageName: node
  linkType: hard

"bcrypt-pbkdf@npm:^1.0.0":
  version: 1.0.2
  resolution: "bcrypt-pbkdf@npm:1.0.2"
  dependencies:
    tweetnacl: ^0.14.3
  checksum: be6f38b9db6df9b023c17d952a02809eec63931c2183e6b3a9b373f971f85f8a1372e3a379d72877f748695d313eaee033fc1b7905448f62d75e4bef3ef175cb
  languageName: node
  linkType: hard

"buffer-from@npm:^1.0.0":
  version: 1.1.1
  resolution: "buffer-from@npm:1.1.1"
  checksum: b34c802232998fe342f64398c6bfbcd74c7e3d8115513ccc1c932c8ea0e0a205293847bc69be4c32ed9388ca151f635b005019e0bddbd80a5df34da537d722d6
  languageName: node
  linkType: hard

"caseless@npm:~0.12.0":
  version: 0.12.0
  resolution: "caseless@npm:0.12.0"
  checksum: 78d62874b145ce0351ebdc76fe77402ef47ac9d94728e896606ffc2da85d049311824219dc671bb9a957eb56dcd223dc785a743da28b2740ca0f966c0ac240dd
  languageName: node
  linkType: hard

"combined-stream@npm:^1.0.6, combined-stream@npm:~1.0.6":
  version: 1.0.8
  resolution: "combined-stream@npm:1.0.8"
  dependencies:
    delayed-stream: ~1.0.0
  checksum: caf371134e0b2f06a2179011439a7f4568c026393b384ccee5f3dd624a7b5f5ba2ae2370b358c4869b73d05d00d5ea9a0140331ae49eb88f68e09c05a6dacc0c
  languageName: node
  linkType: hard

"core-util-is@npm:1.0.2":
  version: 1.0.2
  resolution: "core-util-is@npm:1.0.2"
  checksum: b2aeb723279455a85125383b7067e66d650187adee4151b6587bc28d8334c9d5ebbc6e4bd6c344355191865e1add46fdec83f2a7f4d83889cfe7e586d9fd50b6
  languageName: node
  linkType: hard

"dashdash@npm:^1.12.0":
  version: 1.14.1
  resolution: "dashdash@npm:1.14.1"
  dependencies:
    assert-plus: ^1.0.0
  checksum: ae1c06eeabf13a791303aeee536bd96b2ef24ecb77cbb69072297b389b91329131b8b7134289fe83bd6eccf6ec674e8d712dd9e8aea1b4aabaf3d46c2fb4db83
  languageName: node
  linkType: hard

"decode-uri-component@npm:^0.2.0":
  version: 0.2.0
  resolution: "decode-uri-component@npm:0.2.0"
  checksum: 4ec60208b36c39b72e4e4a203cdcca54641d61ef0588b2cb96732a5f51421ac10a3cd5497ec0ec146164ff0963af2f21f01207194d31af3e95a591581f1660e5
  languageName: node
  linkType: hard

"delayed-stream@npm:~1.0.0":
  version: 1.0.0
  resolution: "delayed-stream@npm:1.0.0"
  checksum: 859d2824377d82c7e9b182da9c3799753d7271b223f83c141adca59674ae1df4b3215d7b9faa7555f943772f75c4ab98895e2ecba43ff904338d9208535f9af6
  languageName: node
  linkType: hard

"diff@npm:^4.0.1":
  version: 4.0.2
  resolution: "diff@npm:4.0.2"
  checksum: 8231aecbbdea8434867bbff2a619aa224706f2a420aa75d3195b010a70ac123c253a6f759c450f9d91d4ac7eb422f818fb97a69ec804d44279a0415b1a4794d0
  languageName: node
  linkType: hard

"discord.js@npm:^11.5.1":
  version: 11.5.1
  resolution: "discord.js@npm:11.5.1"
  dependencies:
    long: ^4.0.0
    prism-media: ^0.0.3
    snekfetch: ^3.6.4
    tweetnacl: ^1.0.0
    ws: ^6.0.0
  peerDependencies:
    "@discordjs/uws": ^10.149.0
    bufferutil: ^4.0.0
    erlpack: "*"
    libsodium-wrappers: ^0.7.3
    node-opus: ^0.2.7
    opusscript: ^0.0.6
    sodium: ^2.0.3
    uws: "*"
  peerDependenciesMeta:
    bufferutil:
      optional: true
    erlpack:
      optional: true
    libsodium-wrappers:
      optional: true
    node-opus:
      optional: true
    opusscript:
      optional: true
    sodium:
      optional: true
    uws:
      optional: true
  checksum: db66633ca62779f19ebf85ec00ee785c0658464e70b939a7c721703c6f4eb2f9e494670183071030c28c09a3d9a706b91aa5328c2ed6971ebff44a3ec5e14480
  languageName: node
  linkType: hard

"dotenv@npm:^8.2.0":
  version: 8.2.0
  resolution: "dotenv@npm:8.2.0"
  checksum: 552d2c06ec0eee57b98c298105556041e4fd8ad985b34a73173a197e722478cd9bdaad2f98d80f3a227a414e2f4e6d4a2121b400a044e0690be1832c546dea55
  languageName: node
  linkType: hard

"ecc-jsbn@npm:~0.1.1":
  version: 0.1.2
  resolution: "ecc-jsbn@npm:0.1.2"
  dependencies:
    jsbn: ~0.1.0
    safer-buffer: ^2.1.0
  checksum: 4e31135f449b97f6155426873293f9270a2c2885520ad85e700665b680354bd3c1223783f822c4ad19fbe7899a2dff33794ddd7d25d234a7529b16b999c9ed83
  languageName: node
  linkType: hard

"events@npm:^3.0.0":
  version: 3.0.0
  resolution: "events@npm:3.0.0"
  checksum: 762e1a2dc937a3b3014d76498d0ef96e5b934ec2939f38e78820f312a23dd71d4ac708f40d3036cf0fdf30f6c823f61f442e537b1f28ff598d3593999ac61288
  languageName: node
  linkType: hard

"extend@npm:~3.0.2":
  version: 3.0.2
  resolution: "extend@npm:3.0.2"
  checksum: 3df56be8d20d6a282e712c3c6aa4548ccdddd2dcfacc96a79ef23529c3b5d267e995cdb285aac2ed6d65bd556dc71ee8fef1c01d1fca9ef148fd9e5d1ecbb924
  languageName: node
  linkType: hard

"extsprintf@npm:1.3.0":
  version: 1.3.0
  resolution: "extsprintf@npm:1.3.0"
  checksum: 8cf20d3044b6333076eacb7b134fa56586273e9d47ad4fa3e396ce0b6f79d575c32212c579db2de1c1991c02b58f71ad269cfdffdbd193fa040b0bfff233955f
  languageName: node
  linkType: hard

"extsprintf@npm:^1.2.0":
  version: 1.4.0
  resolution: "extsprintf@npm:1.4.0"
  checksum: 5ce016ed485f47f742ac65cc26a49fd2a05515beec3f860baaf1e201cf26c1f15e3a97847c19ce82a926d820ec21a3356c7190b64fb74c42ac7dabc879a47a3e
  languageName: node
  linkType: hard

"fast-deep-equal@npm:^2.0.1":
  version: 2.0.1
  resolution: "fast-deep-equal@npm:2.0.1"
  checksum: 3edf36d062e80f50c0ec797af0d4bea0961f7a8c3964108518d1dfe8150bb1e3488ed8642ca1b7b633abfebe8bae27b12db1ffada5ef9689d382a1f6a54375e2
  languageName: node
  linkType: hard

"fast-json-stable-stringify@npm:^2.0.0":
  version: 2.0.0
  resolution: "fast-json-stable-stringify@npm:2.0.0"
  checksum: cd22848b7072f690a6d37af85ecafcb55d7324386e8383e8a4c4a68a6f63c551a791616d8f63caddeb287a07ed855067120ef894df9f7ce8e1d32ee2a00016c9
  languageName: node
  linkType: hard

"forever-agent@npm:~0.6.1":
  version: 0.6.1
  resolution: "forever-agent@npm:0.6.1"
  checksum: c93124c19389fc884c5caa376c76789789a9f7d94a6079214abfc87a2b49c2b6388e3bc2214b8f1442f1e92ca574cc48f7dd6b9a52bb199f3cec75fd5ff59f7f
  languageName: node
  linkType: hard

"form-data@npm:^2.5.0":
  version: 2.5.1
  resolution: "form-data@npm:2.5.1"
  dependencies:
    asynckit: ^0.4.0
    combined-stream: ^1.0.6
    mime-types: ^2.1.12
  checksum: 91ce55d0e8ef6da84da9e8b6f483a542451e802c5e31547390ee6257687f990057b60dda2b3f011cf2e4ca85c78bf5ad53f3d6826fe0689ece10fad3daa43987
  languageName: node
  linkType: hard

"form-data@npm:~2.3.2":
  version: 2.3.3
  resolution: "form-data@npm:2.3.3"
  dependencies:
    asynckit: ^0.4.0
    combined-stream: ^1.0.6
    mime-types: ^2.1.12
  checksum: 8f61c21715cc87df4ba26f46ef8feab2198b3ef0ff933ea73f256683ee1bbe7a9b09d78c008a5eaa1e45ff5bfb05d473976b18a0a9640ffeaa0cb7a0079a68b2
  languageName: node
  linkType: hard

"getpass@npm:^0.1.1":
  version: 0.1.7
  resolution: "getpass@npm:0.1.7"
  dependencies:
    assert-plus: ^1.0.0
  checksum: dc1d4184d1b3ea565b2f223542615bd2c16905563827172e2ca9a0e2e0dcc1173407b0523ca15dbd53bf8b75b4485a1815ccb0bfeb4668e1d2520899cb5c57f5
  languageName: node
  linkType: hard

"graceful-fs@npm:^4.1.3":
  version: 4.2.3
  resolution: "graceful-fs@npm:4.2.3"
  checksum: ed0570de762f98ddeaff67a54375d9869eda6ac5fd0c55e1783ce13fbf8ed3c6f1243bc459a7c848d20a916e20985c0c80a544f18a2a9a14ab8dee4a77285fcd
  languageName: node
  linkType: hard

"har-schema@npm:^2.0.0":
  version: 2.0.0
  resolution: "har-schema@npm:2.0.0"
  checksum: dc922e19113c0d52351adb6307e9971e5ff82cae901ac09e6a8000dde7bf5da736c936e05ddfe1a53811a0e4f702efc71aeb8dcd4d8f1a3bda6ccff77b86288e
  languageName: node
  linkType: hard

"har-validator@npm:~5.1.0":
  version: 5.1.3
  resolution: "har-validator@npm:5.1.3"
  dependencies:
    ajv: ^6.5.5
    har-schema: ^2.0.0
  checksum: 048be5641c1cacfa8e72084e042d198e2f34ef4eca3d61ac3612402b45f6983c3d2d01ea16beb0d37902bd3d6310ffaa0b5f3c9b7b1219601252e1467bf09f28
  languageName: node
  linkType: hard

"http-signature@npm:~1.2.0":
  version: 1.2.0
  resolution: "http-signature@npm:1.2.0"
  dependencies:
    assert-plus: ^1.0.0
    jsprim: ^1.2.2
    sshpk: ^1.7.0
  checksum: c04e17a347d732bfaa4ddc22dacba181475cc378dfbb1cd0ac9f911d38ee9d693370dc119082c1a9789871e7c114bbb5317abb1da3391bee02ae26e4adcadaad
  languageName: node
  linkType: hard

"is-promise@npm:^2.1.0":
  version: 2.1.0
  resolution: "is-promise@npm:2.1.0"
  checksum: 5d8010452af2aa38bf5e2984e8cb4f6e4a718fcecbd497357e02527f5448281a6095480615b333a14a79fa52212ac6eb60f20f83416a5a83c1380e025c99019e
  languageName: node
  linkType: hard

"is-typedarray@npm:~1.0.0":
  version: 1.0.0
  resolution: "is-typedarray@npm:1.0.0"
  checksum: 781a95df2e18eaa0ddf4cd1ea0aa1b81cbfc9139d19f551cfc90db4d1a555c3d3f907ac8194ed312512c3b87b160fecb5bf453d2226e54d5e63c3757523a05e5
  languageName: node
  linkType: hard

"isstream@npm:~0.1.2":
  version: 0.1.2
  resolution: "isstream@npm:0.1.2"
  checksum: aa7954a14871449e27bbbb5918f773964661b19287a6e6a6dccfba1f3680fb01605d13ac866c4032449fd6e7d307c7456709bb62f4fe6735a4ecfab37c1918c6
  languageName: node
  linkType: hard

"jsbn@npm:~0.1.0":
  version: 0.1.1
  resolution: "jsbn@npm:0.1.1"
  checksum: 0a485f89e5bd9ffa84ed65e1d840c3398a0d3eeecd1211ceca545050298a5dc1c0cfe9f2d0d779785b583cb6c3b3cff50d7a89e407cbcad29b474e7a2cf6ac1e
  languageName: node
  linkType: hard

"json-schema-traverse@npm:^0.4.1":
  version: 0.4.1
  resolution: "json-schema-traverse@npm:0.4.1"
  checksum: 511768bce007e0e4f505c08f94f2c59f8aeabc9e6f0f187e7e1838ff445b022d05107a6aaac62dee3e2e6a6b2265e23a0b625255a98700f88c104ad4b97e525d
  languageName: node
  linkType: hard

"json-schema@npm:0.2.3":
  version: 0.2.3
  resolution: "json-schema@npm:0.2.3"
  checksum: 33b4fdb870fb86d6882791b59892535a2466573a156c4649cfeff4d07a8c59bd9fb54d46609567cad88c0de60a46276d0d469bcde45fabc20c166c7bb3bc04b9
  languageName: node
  linkType: hard

"json-stringify-safe@npm:~5.0.1":
  version: 5.0.1
  resolution: "json-stringify-safe@npm:5.0.1"
  checksum: b3d9281f42e16fab884eaa6294cba891730f38e1e64049d3bfd41057878b52d53a0be309ff8a4968c30efc5065585b7c9cabdc05336d7d277866f4b28241a924
  languageName: node
  linkType: hard

"jsprim@npm:^1.2.2":
  version: 1.4.1
  resolution: "jsprim@npm:1.4.1"
  dependencies:
    assert-plus: 1.0.0
    extsprintf: 1.3.0
    json-schema: 0.2.3
    verror: 1.10.0
  checksum: c4afef21da19a73379df0d906b354b401db318096b0e711cc7927547b8d37788a2f7768c875d5abdfc02613cb3af0d943f4d505b9f2e28fa09d2d0d12851ff53
  languageName: node
  linkType: hard

"lodash@npm:4, lodash@npm:^4.17.15":
  version: 4.17.15
  resolution: "lodash@npm:4.17.15"
  checksum: b018ec8d4c95f14a4b57005a247eca1bc25639322939471a1958d3bc721b4f18e90edb6ea564854593a8bc1f94956a0352cf0cd372991b98c42d61c0cd11e5a3
  languageName: node
  linkType: hard

"long@npm:^4.0.0":
  version: 4.0.0
  resolution: "long@npm:4.0.0"
  checksum: 89270f3fd6de9a30620ad3f20c3f0df47977fcc7288581237cb118825e443880d01f6fa95687631be0004b635353d9860982df7cb9610ee597c038e8a9cc2d9c
  languageName: node
  linkType: hard

"lowdb@npm:^1.0.0":
  version: 1.0.0
  resolution: "lowdb@npm:1.0.0"
  dependencies:
    graceful-fs: ^4.1.3
    is-promise: ^2.1.0
    lodash: 4
    pify: ^3.0.0
    steno: ^0.4.1
  checksum: f5a34f412c3adc4cbe7f193c52d8027283673e538c795203ea1dbd9f2dcc9a8f9f4bf2d0db8e07ba60028d64b380ef800f35328c4f43ae722afd03299c762027
  languageName: node
  linkType: hard

"make-error@npm:^1.1.1":
  version: 1.3.5
  resolution: "make-error@npm:1.3.5"
  checksum: 93393c8e18caf7e82314636039d07a3541c73bfd5ddb6534f355c618927c8d0d000655981a773988deec14f7af95abe92c3654b880d9d1998abbe2ead4241d2c
  languageName: node
  linkType: hard

"mime-db@npm:1.40.0":
  version: 1.40.0
  resolution: "mime-db@npm:1.40.0"
  checksum: 0621aab4b17438cd6abe6870c116d1edcf92576038357ad86b779f885bac0a6aa7a9bf80186eefb716d29b87687070b6f63c1bd679ac10d4403a1dda82edcc38
  languageName: node
  linkType: hard

"mime-types@npm:^2.1.12, mime-types@npm:~2.1.19":
  version: 2.1.24
  resolution: "mime-types@npm:2.1.24"
  dependencies:
    mime-db: 1.40.0
  checksum: 15bb3af5671d0b795fcf1ffb04b2274e7c54af5941c8917ffda14ec3790ebc0c75939ea5ef143ef9d336f259ef3513084a555260adbcc8b324244b5615002d72
  languageName: node
  linkType: hard

"moment@npm:*, moment@npm:^2.24.0":
  version: 2.24.0
  resolution: "moment@npm:2.24.0"
  checksum: 56e19bd546ba5851580573c9294a87c8e38fb97a7b9e3ce67f5b3da6490354869596fc1f3af2a773c85e5a3299cb26772146eabd04c844d2092c10f7614a24fa
  languageName: node
  linkType: hard

"oauth-sign@npm:~0.9.0":
  version: 0.9.0
  resolution: "oauth-sign@npm:0.9.0"
  checksum: f4cb09c65243732ca9d7a9279b29f0c1ae1cdf15722a23c19b5f37cb693545df7822c29d506a10991aaf12231976361ed2a9c90a18101a73f990df5423954d9b
  languageName: node
  linkType: hard

"performance-now@npm:^2.1.0":
  version: 2.1.0
  resolution: "performance-now@npm:2.1.0"
  checksum: 6a5b3d6104304d00a0ec4bbf2799bfb1e2dcfe5403d7d1c3c9a595451b32acb7396c831817730288e4a33cae5de0d3c76d38cfebb62b59927a021b3300f8d29e
  languageName: node
  linkType: hard

"pify@npm:^3.0.0":
  version: 3.0.0
  resolution: "pify@npm:3.0.0"
  checksum: f541f33af19872d2b3a40427c7b065369823c9a4e7ba92a8d7102b9cc2b89983418dac2dbd272ddfbc684963c84d6cd766e033dff83545b41414dff8c3c266d7
  languageName: node
  linkType: hard

"prism-media@npm:^0.0.3":
  version: 0.0.3
  resolution: "prism-media@npm:0.0.3"
  checksum: 7aedb0670c58526c9f4ea80e26642d455235852e24e043824e0caadca90b25cd93729a6f172793c9ed0ea850f89785dc32d33abeddded3ffa9326d994e7358a4
  languageName: node
  linkType: hard

"psl@npm:^1.1.24":
  version: 1.4.0
  resolution: "psl@npm:1.4.0"
  checksum: 8931e4573acbca42172109977589fb0766414858626ade6bd261eb7140595958ae9c39f4352c0009aff9cf50196938c61a2202a86307434e1bb4e5d925ad27eb
  languageName: node
  linkType: hard

"punycode@npm:^1.4.1":
  version: 1.4.1
  resolution: "punycode@npm:1.4.1"
  checksum: 747838f367f6e00bd688e968fe7d510d33fbd8d75e4dd6a7919bbbaf51fbd1c1e861ff24ced239adee076b4a5fcb08cdc3a26d88e7980e94efd9a96a950b0014
  languageName: node
  linkType: hard

"punycode@npm:^2.1.0":
  version: 2.1.1
  resolution: "punycode@npm:2.1.1"
  checksum: 497a65093f48fc94a91a2166cf4365d162ab07977adc8dc23dfb6c109c3d0dc004ea3623813a64e62992ad85d14b6a13a489055acd5c4763f56cae0733d71095
  languageName: node
  linkType: hard

"qs@npm:~6.5.2":
  version: 6.5.2
  resolution: "qs@npm:6.5.2"
  checksum: 0e9377802164c7a454397660305eaa3b2e10afd915cff80dedab1b90ebc017105a3cfc6d995116374cd2d07d18349478b9ad1eb1ac72596c402b89010e46c0e5
  languageName: node
  linkType: hard

"query-string@npm:^6.8.3":
  version: 6.8.3
  resolution: "query-string@npm:6.8.3"
  dependencies:
    decode-uri-component: ^0.2.0
    split-on-first: ^1.0.0
    strict-uri-encode: ^2.0.0
  checksum: 556fcf9127f43e9fbe58f30e2b3894cb553f04685743f0a74ac77481b5a739cc26223f1e04a22a7feee42c7e39cb5d10bb2086fe1d0cbbdfba2094875f52a0e4
  languageName: node
  linkType: hard

"request@npm:^2.88.0":
  version: 2.88.0
  resolution: "request@npm:2.88.0"
  dependencies:
    aws-sign2: ~0.7.0
    aws4: ^1.8.0
    caseless: ~0.12.0
    combined-stream: ~1.0.6
    extend: ~3.0.2
    forever-agent: ~0.6.1
    form-data: ~2.3.2
    har-validator: ~5.1.0
    http-signature: ~1.2.0
    is-typedarray: ~1.0.0
    isstream: ~0.1.2
    json-stringify-safe: ~5.0.1
    mime-types: ~2.1.19
    oauth-sign: ~0.9.0
    performance-now: ^2.1.0
    qs: ~6.5.2
    safe-buffer: ^5.1.2
    tough-cookie: ~2.4.3
    tunnel-agent: ^0.6.0
    uuid: ^3.3.2
  checksum: 828fafdf57036d5f22d8829c44157a8c112f149b08709e6fd61f43e4f152ca448dd7713cb15861955c71964085f7595443851fa8c7eebcae749be7c63fff9e45
  languageName: node
  linkType: hard

"root-workspace-0b6124@workspace:.":
  version: 0.0.0-use.local
  resolution: "root-workspace-0b6124@workspace:."
  dependencies:
    "@types/lowdb": ^1.0.9
    "@types/moment": ^2.13.0
    "@types/request": ^2.48.3
    discord.js: ^11.5.1
    dotenv: ^8.2.0
    events: ^3.0.0
    lodash: ^4.17.15
    lowdb: ^1.0.0
    moment: ^2.24.0
    query-string: ^6.8.3
    request: ^2.88.0
    ts-node: ^8.6.2
    typescript: ^3.6.4
  languageName: unknown
  linkType: soft

"safe-buffer@npm:^5.0.1, safe-buffer@npm:^5.1.2":
  version: 5.2.0
  resolution: "safe-buffer@npm:5.2.0"
  checksum: 4577ff3526b671703fa907756021c0cf1360d664c7a4b2db07fedaf3a63df00f6638a16aa8d43d56658e73bd56eab432767b5b2ae3d138e77b875f77529338f3
  languageName: node
  linkType: hard

"safer-buffer@npm:^2.0.2, safer-buffer@npm:^2.1.0, safer-buffer@npm:~2.1.0":
  version: 2.1.2
  resolution: "safer-buffer@npm:2.1.2"
  checksum: cfd3f4d7dc37db071c3b36c8e4315e3912e70f1a44c87936cafb6b3b15af362893ca02da703398fbbc299c1599fa49fca9ddda41ffd347adda417f988848dcf2
  languageName: node
  linkType: hard

"snekfetch@npm:^3.6.4":
  version: 3.6.4
  resolution: "snekfetch@npm:3.6.4"
  checksum: b1ea3318bf94cab7dcd52238cf5fd72b1840c7354a233596e5205d1261302cafbf2f308f69e8650ab3eef587fd81aee9929a4c43bf6b0c5f4a7f28d12a7284ed
  languageName: node
  linkType: hard

"source-map-support@npm:^0.5.6":
  version: 0.5.16
  resolution: "source-map-support@npm:0.5.16"
  dependencies:
    buffer-from: ^1.0.0
    source-map: ^0.6.0
  checksum: 8cbb70583ff6b74dabf1a37ffca840aed7e419e21fad3803485d4ac79af7cdb36819b271dc1a5703a4ee615487a03b2a13a052681d5d9d9050eda33b835e214c
  languageName: node
  linkType: hard

"source-map@npm:^0.6.0":
  version: 0.6.1
  resolution: "source-map@npm:0.6.1"
  checksum: fa17f30e37dfa8d8065fc98e8c51ae80d7050055f90dbd40e8644269bda04707386180c4c43af7104a29af56109663e994ccbc2cf766af01e915285c7f93cc40
  languageName: node
  linkType: hard

"split-on-first@npm:^1.0.0":
  version: 1.1.0
  resolution: "split-on-first@npm:1.1.0"
  checksum: 7712c1553ef303b3ae66a361c2817da29dc56338edc02c47927df8880756683ee378b5f64e5028edef367c47ed2290e47a4a583a3ebd1415fe096ed74180cfde
  languageName: node
  linkType: hard

"sshpk@npm:^1.7.0":
  version: 1.16.1
  resolution: "sshpk@npm:1.16.1"
  dependencies:
    asn1: ~0.2.3
    assert-plus: ^1.0.0
    bcrypt-pbkdf: ^1.0.0
    dashdash: ^1.12.0
    ecc-jsbn: ~0.1.1
    getpass: ^0.1.1
    jsbn: ~0.1.0
    safer-buffer: ^2.0.2
    tweetnacl: ~0.14.0
  bin:
    sshpk-conv: bin/sshpk-conv
    sshpk-sign: bin/sshpk-sign
    sshpk-verify: bin/sshpk-verify
  checksum: fa6553d407039dd527e65ec6dbd783eee7ac946db774d738830d996709b655e5b3072def8c81fd6f454293f88607039aba7fc2a149b93a2d4526ab8671c8885c
  languageName: node
  linkType: hard

"steno@npm:^0.4.1":
  version: 0.4.4
  resolution: "steno@npm:0.4.4"
  dependencies:
    graceful-fs: ^4.1.3
  checksum: 006ffff933ef3857e44be1f1f59579ffaf6d32a210d40ffa3267e35eedf838991998e888ae84ce617809df51802084a304c6b00d6a8eb85587a26b13ce281681
  languageName: node
  linkType: hard

"strict-uri-encode@npm:^2.0.0":
  version: 2.0.0
  resolution: "strict-uri-encode@npm:2.0.0"
  checksum: 77a40129a8cbae92f1c069b68bea0b53037e9d37f830435d1d6291b49315474d8185fe5cb4ec410bb44e97466432a3970ac9e0efdb33cf36de2499f6ebabdba7
  languageName: node
  linkType: hard

"tough-cookie@npm:~2.4.3":
  version: 2.4.3
  resolution: "tough-cookie@npm:2.4.3"
  dependencies:
    psl: ^1.1.24
    punycode: ^1.4.1
  checksum: 4fb852840d622e9e8bb789aa8da960cc03997fd18262b41e038e02bd00ef3a8d190ffae426412d5fef6990af5d42501b8d4adb2a9c8e1100251e1bf5f5166017
  languageName: node
  linkType: hard

"ts-node@npm:^8.6.2":
  version: 8.6.2
  resolution: "ts-node@npm:8.6.2"
  dependencies:
    arg: ^4.1.0
    diff: ^4.0.1
    make-error: ^1.1.1
    source-map-support: ^0.5.6
    yn: 3.1.1
  peerDependencies:
    typescript: ">=2.7"
  bin:
    ts-node: dist/bin.js
    ts-script: dist/script.js
  checksum: 4f0f34835971565c95caa8c8c6da7524cd3ec930d9e6782c1a5c7daa776f58c496a85184ab61531608df772ee3cd772555986cd289024c942b5013ca2db86d68
  languageName: node
  linkType: hard

"tunnel-agent@npm:^0.6.0":
  version: 0.6.0
  resolution: "tunnel-agent@npm:0.6.0"
  dependencies:
    safe-buffer: ^5.0.1
  checksum: 42dde635e062df310cb74826836711913c410ab0141299ac9c06f311fc1d00624f0fbac442695fef06a800e0c7a498cb5532b2ad3ab6357baac47904896e1dde
  languageName: node
  linkType: hard

"tweetnacl@npm:^0.14.3, tweetnacl@npm:~0.14.0":
  version: 0.14.5
  resolution: "tweetnacl@npm:0.14.5"
  checksum: 8494c8d72852a438fc945a5b290af9e0aaa2f98491ee77022ae14845e403462e63e56379ba3ca917106a54b4007855586b174ad34d0c0ef740998e72e3ecdd60
  languageName: node
  linkType: hard

"tweetnacl@npm:^1.0.0":
  version: 1.0.1
  resolution: "tweetnacl@npm:1.0.1"
  checksum: 5a61cf128bb53bb95771ab29597de5e74421ed68ecfee1c92953e08d58e57f8a6862e488a1d5a921914cd59b251f00bdffbf567b5aa544720e78a9e43f3133c8
  languageName: node
  linkType: hard

typescript@^3.6.4:
  version: 3.6.4
  resolution: "typescript@npm:3.6.4"
  bin:
    tsc: ./bin/tsc
    tsserver: ./bin/tsserver
  checksum: 261beb88a53ac4b97eb66a2cce8be15edf7720b1661ad9d0223e0a3db06697a506c8941882ac49c577ec2e56ce596c71c268644f3ef9009df15baa4a66c3ccf0
  languageName: node
  linkType: hard

"typescript@patch:typescript@^3.6.4#builtin<compat/typescript>":
  version: 3.6.4
  resolution: "typescript@patch:typescript@npm%3A3.6.4#builtin<compat/typescript>::version=3.6.4&hash=226bd1"
  bin:
    tsc: ./bin/tsc
    tsserver: ./bin/tsserver
  checksum: 4dd0f2872f30cd4069bb60a3db217578f516b182345e274c80629807b573ea34653b1141250ba07d3d6eaaa4a4508cd0878997cbd8ff2b4274066c719f838f38
  languageName: node
  linkType: hard

"uri-js@npm:^4.2.2":
  version: 4.2.2
  resolution: "uri-js@npm:4.2.2"
  dependencies:
    punycode: ^2.1.0
  checksum: a81e6af3f3e978391eadbc0425c786867f5ea519234ceece60aeda7d614fb3f025ff195f97a0900b8deb129996296b30b39993b4edce0d85c119833254f8836f
  languageName: node
  linkType: hard

"uuid@npm:^3.3.2":
  version: 3.3.3
  resolution: "uuid@npm:3.3.3"
  bin:
    uuid: ./bin/uuid
  checksum: 227cb611f439c53ac67a509cdc77b2c0da2a0d68145a6d98bb30da392c137f34b7484f49bb15c85b99f46398afe37275d42331bb83ec721300076c6fdde05136
  languageName: node
  linkType: hard

"verror@npm:1.10.0":
  version: 1.10.0
  resolution: "verror@npm:1.10.0"
  dependencies:
    assert-plus: ^1.0.0
    core-util-is: 1.0.2
    extsprintf: ^1.2.0
  checksum: e1632bbbd6b056ac26037da4ebe46ad9934625ad2945823ca7d83027cd9229da47a57347c1933961efd32a8f1ee0e8f099cf4658f1b83b85d3fabe8c813d7a96
  languageName: node
  linkType: hard

"ws@npm:^6.0.0":
  version: 6.2.1
  resolution: "ws@npm:6.2.1"
  dependencies:
    async-limiter: ~1.0.0
  checksum: 731ad2205472faf91c33e09240cf36f0941e7e627c1adb3287d00810e1b308cc346526eeca6ef2f60f12be2313c3a76582bd1ff4c12d6aec6968457273741e6f
  languageName: node
  linkType: hard

"yn@npm:3.1.1":
  version: 3.1.1
  resolution: "yn@npm:3.1.1"
  checksum: e06491e44f4f86b1ff20cb1105ae34c7a72fbf0128eb88210f40744ae70812dc2225553edc3b180ac820529e3da1446abff51f687717ae2878dd5ab060c7df1f
  languageName: node
  linkType: hard
